
Microsoft Visual Studio Solution File, Format Version 12.00
# Visual Studio 15
Project("{FAE04EC0-301F-11D3-BF4B-00C04F79EFBC}") = "Assembly-CSharp", "Assembly-CSharp.csproj", "{F662E1EF-5496-94BC-8FB7-E6F519C5C465}"
EndProject
Global
	GlobalSection(SolutionConfigurationPlatforms) = preSolution
		Debug|Any CPU = Debug|Any CPU
		Release|Any CPU = Release|Any CPU
	EndGlobalSection
	GlobalSection(ProjectConfigurationPlatforms) = postSolution
		{F662E1EF-5496-94BC-8FB7-E6F519C5C465}.Debug|Any CPU.ActiveCfg = Debug|Any CPU
		{F662E1EF-5496-94BC-8FB7-E6F519C5C465}.Debug|Any CPU.Build.0 = Debug|Any CPU
		{F662E1EF-5496-94BC-8FB7-E6F519C5C465}.Release|Any CPU.ActiveCfg = Release|Any CPU
		{F662E1EF-5496-94BC-8FB7-E6F519C5C465}.Release|Any CPU.Build.0 = Release|Any CPU
	EndGlobalSection
	GlobalSection(SolutionProperties) = preSolution
		HideSolutionNode = FALSE
	EndGlobalSection
EndGlobal
